<?xml version="1.0" encoding="utf-8"?>
<Project ToolsVersion="4.0" xmlns="http://schemas.microsoft.com/developer/msbuild/2003">
  <ItemGroup>
    <ClInclude Include="framework.h" />
    <ClInclude Include="Resources.h" />
    <ClInclude Include="PMDDecoder.h" />
    <ClInclude Include="Configuration.h" />
    <ClInclude Include="Preferences.h" />
  </ItemGroup>
  <ItemGroup>
    <ClCompile Include="Component.cpp" />
    <ClCompile Include="InputDecoder.cpp" />
    <ClCompile Include="PMDDecoder.cpp" />
    <ClCompile Include="Configuration.cpp" />
    <ClCompile Include="Preferences.cpp" />
  </ItemGroup>
  <ItemGroup>
    <None Include="Build-FB2KComponent.ps1" />
    <None Include="README.md" />
    <None Include=".gitattributes" />
    <None Include=".gitignore" />
  </ItemGroup>
  <ItemGroup>
    <ResourceCompile Include="Resources.rc" />
  </ItemGroup>
  <ItemGroup>
    <Text Include="LICENSE.txt" />
  </ItemGroup>
</Project>