<?xml version="1.0" encoding="utf-8"?>
<Project ToolsVersion="4.0" xmlns="http://schemas.microsoft.com/developer/msbuild/2003">
  <ItemGroup>
    <ClInclude Include="pch.h" />
    <ClInclude Include="Resources.h" />
    <ClInclude Include="PMDDecoder.h" />
    <ClInclude Include="Configuration.h" />
    <ClInclude Include="Preferences.h" />
    <ClInclude Include="PMD\ymfm\ymfm.h" />
    <ClInclude Include="PMD\ymfm\ymfm_adpcm.h" />
    <ClInclude Include="PMD\ymfm\ymfm_fm.h" />
    <ClInclude Include="PMD\ymfm\ymfm_fm.ipp" />
    <ClInclude Include="PMD\ymfm\ymfm_opn.h" />
    <ClInclude Include="PMD\ymfm\ymfm_ssg.h" />
    <ClInclude Include="PMD\File.h" />
    <ClInclude Include="PMD\OPNA.h" />
    <ClInclude Include="PMD\OPNAW.h" />
    <ClInclude Include="PMD\P86.h" />
    <ClInclude Include="PMD\PMD.h" />
    <ClInclude Include="PMD\PPS.h" />
    <ClInclude Include="PMD\PPZ.h" />
    <ClInclude Include="PMD\Table.h" />
    <ClInclude Include="PMD\Utility.h" />
    <ClInclude Include="PMD\RIFF.h" />
    <ClInclude Include="PMD\RIFFReader.h" />
    <ClInclude Include="PMD\WAVEReader.h" />
    <ClInclude Include="PMD\Effect.h" />
    <ClInclude Include="PMD\Driver.h" />
    <ClInclude Include="PMD\Channel.h" />
    <ClInclude Include="PMD\State.h" />
  </ItemGroup>
  <ItemGroup>
    <ClCompile Include="Component.cpp" />
    <ClCompile Include="InputDecoder.cpp" />
    <ClCompile Include="PMDDecoder.cpp" />
    <ClCompile Include="Configuration.cpp" />
    <ClCompile Include="Preferences.cpp" />
    <ClCompile Include="PMD\ymfm\ymfm_adpcm.cpp" />
    <ClCompile Include="PMD\ymfm\ymfm_opn.cpp" />
    <ClCompile Include="PMD\ymfm\ymfm_ssg.cpp" />
    <ClCompile Include="PMD\File.cpp" />
    <ClCompile Include="PMD\OPNA.cpp" />
    <ClCompile Include="PMD\OPNAW.cpp" />
    <ClCompile Include="PMD\P86.cpp" />
    <ClCompile Include="PMD\PMD.cpp" />
    <ClCompile Include="PMD\PPS.cpp" />
    <ClCompile Include="PMD\PPZ.cpp" />
    <ClCompile Include="PMD\Table.cpp" />
    <ClCompile Include="PMD\Utility.cpp" />
    <ClCompile Include="PMD\PMDEffect.cpp" />
    <ClCompile Include="PMD\PMDFM.cpp" />
    <ClCompile Include="PMD\PMDRhythm.cpp" />
    <ClCompile Include="PMD\PMDSSG.cpp" />
    <ClCompile Include="PMD\PMDP86.cpp" />
    <ClCompile Include="PMD\PMDADPCM.cpp" />
    <ClCompile Include="PMD\PMDLFO.cpp" />
    <ClCompile Include="PMD\PMDPPZ.cpp" />
    <ClCompile Include="PMD\PMDSoftwareEnvelope.cpp" />
    <ClCompile Include="PMD\Driver.cpp" />
    <ClCompile Include="pch.cpp" />
  </ItemGroup>
  <ItemGroup>
    <None Include="Build-FB2KComponent.ps1" />
    <None Include="PMD\ymfm\LICENSE" />
    <None Include="LICENSE" />
    <None Include="README.md" />
    <None Include=".gitignore" />
    <None Include=".gitattributes" />
    <None Include=".editorconfig" />
    <None Include="cpp.hint" />
  </ItemGroup>
  <ItemGroup>
    <ResourceCompile Include="Resources.rc" />
  </ItemGroup>
  <ItemGroup>
    <Image Include="Resources\Screenshot.png" />
  </ItemGroup>
</Project>